
Microsoft Visual Studio Solution File, Format Version 12.00
# Visual Studio 14
VisualStudioVersion = 14.0.25420.1
MinimumVisualStudioVersion = 10.0.40219.1
Project("{8BC9CEB8-8B4A-11D0-8D11-00A0C91BC942}") = "fwCommon", "fwCommon\fwCommon.vcxproj", "{D694472D-9B14-47F0-B8BA-54E075C2A701}"
EndProject
Project("{8BC9CEB8-8B4A-11D0-8D11-00A0C91BC942}") = "sqlite3", "sqlite3\sqlite3.vcxproj", "{03A01A05-365C-4E27-855D-935CAD6F187C}"
EndProject
Project("{8BC9CEB8-8B4A-11D0-8D11-00A0C91BC942}") = "fwDB", "fwDB\fwDB.vcxproj", "{8F0E864F-4775-47E1-8626-7F59D426BD01}"
EndProject
Project("{8BC9CEB8-8B4A-11D0-8D11-00A0C91BC942}") = "xmlParserUnicode", "xmlparser\xmlParserUnicode.vcxproj", "{4391F146-0445-49EE-B3B9-257B367C3734}"
EndProject
Project("{8BC9CEB8-8B4A-11D0-8D11-00A0C91BC942}") = "fwCrypt", "fwCrypt\fwcrypt.vcxproj", "{514ECC1F-4965-47C1-AA19-CA6A6C2CA7BB}"
EndProject
Global
	GlobalSection(SolutionConfigurationPlatforms) = preSolution
		Debug_Unicode|x86 = Debug_Unicode|x86
		Debug|x86 = Debug|x86
		Release_Unicode|x86 = Release_Unicode|x86
		Release|x86 = Release|x86
	EndGlobalSection
	GlobalSection(ProjectConfigurationPlatforms) = postSolution
		{D694472D-9B14-47F0-B8BA-54E075C2A701}.Debug_Unicode|x86.ActiveCfg = Debug|Win32
		{D694472D-9B14-47F0-B8BA-54E075C2A701}.Debug_Unicode|x86.Build.0 = Debug|Win32
		{D694472D-9B14-47F0-B8BA-54E075C2A701}.Debug|x86.ActiveCfg = Debug|Win32
		{D694472D-9B14-47F0-B8BA-54E075C2A701}.Debug|x86.Build.0 = Debug|Win32
		{D694472D-9B14-47F0-B8BA-54E075C2A701}.Release_Unicode|x86.ActiveCfg = Release|Win32
		{D694472D-9B14-47F0-B8BA-54E075C2A701}.Release_Unicode|x86.Build.0 = Release|Win32
		{D694472D-9B14-47F0-B8BA-54E075C2A701}.Release|x86.ActiveCfg = Release|Win32
		{D694472D-9B14-47F0-B8BA-54E075C2A701}.Release|x86.Build.0 = Release|Win32
		{03A01A05-365C-4E27-855D-935CAD6F187C}.Debug_Unicode|x86.ActiveCfg = Debug|Win32
		{03A01A05-365C-4E27-855D-935CAD6F187C}.Debug_Unicode|x86.Build.0 = Debug|Win32
		{03A01A05-365C-4E27-855D-935CAD6F187C}.Debug|x86.ActiveCfg = Debug|Win32
		{03A01A05-365C-4E27-855D-935CAD6F187C}.Debug|x86.Build.0 = Debug|Win32
		{03A01A05-365C-4E27-855D-935CAD6F187C}.Release_Unicode|x86.ActiveCfg = Release|Win32
		{03A01A05-365C-4E27-855D-935CAD6F187C}.Release_Unicode|x86.Build.0 = Release|Win32
		{03A01A05-365C-4E27-855D-935CAD6F187C}.Release|x86.ActiveCfg = Release|Win32
		{03A01A05-365C-4E27-855D-935CAD6F187C}.Release|x86.Build.0 = Release|Win32
		{8F0E864F-4775-47E1-8626-7F59D426BD01}.Debug_Unicode|x86.ActiveCfg = Debug|Win32
		{8F0E864F-4775-47E1-8626-7F59D426BD01}.Debug_Unicode|x86.Build.0 = Debug|Win32
		{8F0E864F-4775-47E1-8626-7F59D426BD01}.Debug|x86.ActiveCfg = Debug|Win32
		{8F0E864F-4775-47E1-8626-7F59D426BD01}.Debug|x86.Build.0 = Debug|Win32
		{8F0E864F-4775-47E1-8626-7F59D426BD01}.Release_Unicode|x86.ActiveCfg = Release|Win32
		{8F0E864F-4775-47E1-8626-7F59D426BD01}.Release_Unicode|x86.Build.0 = Release|Win32
		{8F0E864F-4775-47E1-8626-7F59D426BD01}.Release|x86.ActiveCfg = Release|Win32
		{8F0E864F-4775-47E1-8626-7F59D426BD01}.Release|x86.Build.0 = Release|Win32
		{4391F146-0445-49EE-B3B9-257B367C3734}.Debug_Unicode|x86.ActiveCfg = Debug_Unicode|Win32
		{4391F146-0445-49EE-B3B9-257B367C3734}.Debug_Unicode|x86.Build.0 = Debug_Unicode|Win32
		{4391F146-0445-49EE-B3B9-257B367C3734}.Debug|x86.ActiveCfg = Debug|Win32
		{4391F146-0445-49EE-B3B9-257B367C3734}.Debug|x86.Build.0 = Debug|Win32
		{4391F146-0445-49EE-B3B9-257B367C3734}.Release_Unicode|x86.ActiveCfg = Release_Unicode|Win32
		{4391F146-0445-49EE-B3B9-257B367C3734}.Release_Unicode|x86.Build.0 = Release_Unicode|Win32
		{4391F146-0445-49EE-B3B9-257B367C3734}.Release|x86.ActiveCfg = Release|Win32
		{4391F146-0445-49EE-B3B9-257B367C3734}.Release|x86.Build.0 = Release|Win32
		{514ECC1F-4965-47C1-AA19-CA6A6C2CA7BB}.Debug_Unicode|x86.ActiveCfg = Debug_Unicode|Win32
		{514ECC1F-4965-47C1-AA19-CA6A6C2CA7BB}.Debug_Unicode|x86.Build.0 = Debug_Unicode|Win32
		{514ECC1F-4965-47C1-AA19-CA6A6C2CA7BB}.Debug|x86.ActiveCfg = Debug|Win32
		{514ECC1F-4965-47C1-AA19-CA6A6C2CA7BB}.Debug|x86.Build.0 = Debug|Win32
		{514ECC1F-4965-47C1-AA19-CA6A6C2CA7BB}.Release_Unicode|x86.ActiveCfg = Release_Unicode|Win32
		{514ECC1F-4965-47C1-AA19-CA6A6C2CA7BB}.Release_Unicode|x86.Build.0 = Release_Unicode|Win32
		{514ECC1F-4965-47C1-AA19-CA6A6C2CA7BB}.Release|x86.ActiveCfg = Release|Win32
		{514ECC1F-4965-47C1-AA19-CA6A6C2CA7BB}.Release|x86.Build.0 = Release|Win32
	EndGlobalSection
	GlobalSection(SolutionProperties) = preSolution
		HideSolutionNode = FALSE
	EndGlobalSection
EndGlobal
