<?xml version="1.0" encoding="utf-8"?>
<Project ToolsVersion="4.0" xmlns="http://schemas.microsoft.com/developer/msbuild/2003">
  <ItemGroup>
    <Filter Include="Header Files">
      <UniqueIdentifier>{93995380-89BD-4b04-88EB-625FBE52EBFB}</UniqueIdentifier>
      <Extensions>h;hh;hpp;hxx;hm;inl;inc;xsd</Extensions>
    </Filter>
    <Filter Include="Resource Files">
      <UniqueIdentifier>{67DA6AB6-F800-4c08-8B7A-83BB121AAD01}</UniqueIdentifier>
      <Extensions>rc;ico;cur;bmp;dlg;rc2;rct;bin;rgs;gif;jpg;jpeg;jpe;resx;tiff;tif;png;wav;mfcribbon-ms</Extensions>
    </Filter>
    <Filter Include="src">
      <UniqueIdentifier>{f69cc3c6-c0d5-4fb9-aa4f-92a017ffd0fc}</UniqueIdentifier>
    </Filter>
    <Filter Include="tests">
      <UniqueIdentifier>{ee33681c-57ba-4c60-bdcb-77d9851b36d4}</UniqueIdentifier>
    </Filter>
    <Filter Include="tests\fw">
      <UniqueIdentifier>{48aa7694-4be7-4335-a536-58daea7f1cdb}</UniqueIdentifier>
    </Filter>
    <Filter Include="tests\fw\db">
      <UniqueIdentifier>{8e39c32c-3286-4a13-8a66-23b1f117378c}</UniqueIdentifier>
    </Filter>
    <Filter Include="tests\fw\core">
      <UniqueIdentifier>{f9deb05b-68a1-48d6-957c-bc3a5bcc8b2f}</UniqueIdentifier>
    </Filter>
    <Filter Include="tests\fw\crypt">
      <UniqueIdentifier>{8efd4144-50cc-4f84-bbe1-d5e45cef557c}</UniqueIdentifier>
    </Filter>
    <Filter Include="tests\fw\math">
      <UniqueIdentifier>{6b488f23-9013-415e-9c8a-7017a82b4350}</UniqueIdentifier>
    </Filter>
  </ItemGroup>
  <ItemGroup>
    <Text Include="ReadMe.txt" />
  </ItemGroup>
  <ItemGroup>
    <ClInclude Include="targetver.h">
      <Filter>Header Files</Filter>
    </ClInclude>
    <ClInclude Include="src\gtest-internal-inl.h">
      <Filter>src</Filter>
    </ClInclude>
  </ItemGroup>
  <ItemGroup>
    <ClCompile Include="src\gtest-all.cc">
      <Filter>src</Filter>
    </ClCompile>
    <ClCompile Include="tests\fw\db\dbserializer_tests.cpp">
      <Filter>tests\fw\db</Filter>
    </ClCompile>
    <ClCompile Include="tests\fw\core\fileutils_tests.cpp">
      <Filter>tests\fw\core</Filter>
    </ClCompile>
    <ClCompile Include="tests\fw\crypt\sha256_tests.cpp">
      <Filter>tests\fw\crypt</Filter>
    </ClCompile>
    <ClCompile Include="tests\fw\core\apputils_tests.cpp">
      <Filter>tests\fw\core</Filter>
    </ClCompile>
    <ClCompile Include="tests\fw\core\datetime_tests.cpp">
      <Filter>tests\fw\core</Filter>
    </ClCompile>
    <ClCompile Include="tests\fw\math\point3d_tests.cpp">
      <Filter>tests\fw\math</Filter>
    </ClCompile>
    <ClCompile Include="tests\fw\core\nullablevar_tests.cpp">
      <Filter>tests\fw\core</Filter>
    </ClCompile>
    <ClCompile Include="tests\fw\db\encryptedsqlparam_tests.cpp">
      <Filter>tests\fw\db</Filter>
    </ClCompile>
    <ClCompile Include="tests\fw\db\sqlobject_tests.cpp">
      <Filter>tests\fw\db</Filter>
    </ClCompile>
    <ClCompile Include="tests\fw\core\csv_tests.cpp">
      <Filter>tests\fw\core</Filter>
    </ClCompile>
    <ClCompile Include="tests\fw\core\binarytree_tests.cpp">
      <Filter>tests\fw\core</Filter>
    </ClCompile>
  </ItemGroup>
</Project>